
Microsoft Visual Studio Solution File, Format Version 12.00
# Visual Studio Version 17
VisualStudioVersion = 17.5.002.0
MinimumVisualStudioVersion = 10.0.40219.1
Project("{9A19103F-16F7-4668-BE54-9A1E7A4F7556}") = "TodoApi", "TodoApi.csproj", "{12D9F6D0-252C-4715-B503-9055BAFDB4AF}"
EndProject
Global
	GlobalSection(SolutionConfigurationPlatforms) = preSolution
		Debug|Any CPU = Debug|Any CPU
		Release|Any CPU = Release|Any CPU
	EndGlobalSection
	GlobalSection(ProjectConfigurationPlatforms) = postSolution
		{12D9F6D0-252C-4715-B503-9055BAFDB4AF}.Debug|Any CPU.ActiveCfg = Debug|Any CPU
		{12D9F6D0-252C-4715-B503-9055BAFDB4AF}.Debug|Any CPU.Build.0 = Debug|Any CPU
		{12D9F6D0-252C-4715-B503-9055BAFDB4AF}.Release|Any CPU.ActiveCfg = Release|Any CPU
		{12D9F6D0-252C-4715-B503-9055BAFDB4AF}.Release|Any CPU.Build.0 = Release|Any CPU
	EndGlobalSection
	GlobalSection(SolutionProperties) = preSolution
		HideSolutionNode = FALSE
	EndGlobalSection
	GlobalSection(ExtensibilityGlobals) = postSolution
		SolutionGuid = {E6B38831-FD6B-42CD-80D0-C76D171679A2}
	EndGlobalSection
EndGlobal
